// !$*UTF8*$!
{
	archiveVersion = 1;
	classes = {
	};
	objectVersion = 56;
	objects = {

/* Begin PBXBuildFile section */
		C1D86FD42C69B38600C87F72 /* AppDelegate.swift in Sources */ = {isa = PBXBuildFile; fileRef = C1D86FD32C69B38600C87F72 /* AppDelegate.swift */; };
		C1D86FD62C69B38600C87F72 /* SceneDelegate.swift in Sources */ = {isa = PBXBuildFile; fileRef = C1D86FD52C69B38600C87F72 /* SceneDelegate.swift */; };
		C1D86FD82C69B38600C87F72 /* ViewController.swift in Sources */ = {isa = PBXBuildFile; fileRef = C1D86FD72C69B38600C87F72 /* ViewController.swift */; };
		C1D86FDB2C69B38600C87F72 /* Base in Resources */ = {isa = PBXBuildFile; fileRef = C1D86FDA2C69B38600C87F72 /* Base */; };
		C1D86FDD2C69B38800C87F72 /* Assets.xcassets in Resources */ = {isa = PBXBuildFile; fileRef = C1D86FDC2C69B38800C87F72 /* Assets.xcassets */; };
		C1D86FE02C69B38800C87F72 /* Base in Resources */ = {isa = PBXBuildFile; fileRef = C1D86FDF2C69B38800C87F72 /* Base */; };
		C1D86FE82C69B4EC00C87F72 /* MyPageViewController.swift in Sources */ = {isa = PBXBuildFile; fileRef = C1D86FE72C69B4EC00C87F72 /* MyPageViewController.swift */; };
		C1D86FEB2C69B88200C87F72 /* CarViewController.swift in Sources */ = {isa = PBXBuildFile; fileRef = C1D86FEA2C69B88200C87F72 /* CarViewController.swift */; };
		C1D86FED2C69BEAE00C87F72 /* CarHelper.swift in Sources */ = {isa = PBXBuildFile; fileRef = C1D86FEC2C69BEAE00C87F72 /* CarHelper.swift */; };
/* End PBXBuildFile section */

/* Begin PBXFileReference section */
		C1D86FD02C69B38600C87F72 /* programmatically.app */ = {isa = PBXFileReference; explicitFileType = wrapper.application; includeInIndex = 0; path = programmatically.app; sourceTree = BUILT_PRODUCTS_DIR; };
		C1D86FD32C69B38600C87F72 /* AppDelegate.swift */ = {isa = PBXFileReference; lastKnownFileType = sourcecode.swift; path = AppDelegate.swift; sourceTree = "<group>"; };
		C1D86FD52C69B38600C87F72 /* SceneDelegate.swift */ = {isa = PBXFileReference; lastKnownFileType = sourcecode.swift; path = SceneDelegate.swift; sourceTree = "<group>"; };
		C1D86FD72C69B38600C87F72 /* ViewController.swift */ = {isa = PBXFileReference; lastKnownFileType = sourcecode.swift; path = ViewController.swift; sourceTree = "<group>"; };
		C1D86FDA2C69B38600C87F72 /* Base */ = {isa = PBXFileReference; lastKnownFileType = file.storyboard; name = Base; path = Base.lproj/Main.storyboard; sourceTree = "<group>"; };
		C1D86FDC2C69B38800C87F72 /* Assets.xcassets */ = {isa = PBXFileReference; lastKnownFileType = folder.assetcatalog; path = Assets.xcassets; sourceTree = "<group>"; };
		C1D86FDF2C69B38800C87F72 /* Base */ = {isa = PBXFileReference; lastKnownFileType = file.storyboard; name = Base; path = Base.lproj/LaunchScreen.storyboard; sourceTree = "<group>"; };
		C1D86FE12C69B38800C87F72 /* Info.plist */ = {isa = PBXFileReference; lastKnownFileType = text.plist.xml; path = Info.plist; sourceTree = "<group>"; };
		C1D86FE72C69B4EC00C87F72 /* MyPageViewController.swift */ = {isa = PBXFileReference; lastKnownFileType = sourcecode.swift; path = MyPageViewController.swift; sourceTree = "<group>"; };
		C1D86FEA2C69B88200C87F72 /* CarViewController.swift */ = {isa = PBXFileReference; lastKnownFileType = sourcecode.swift; path = CarViewController.swift; sourceTree = "<group>"; };
		C1D86FEC2C69BEAE00C87F72 /* CarHelper.swift */ = {isa = PBXFileReference; lastKnownFileType = sourcecode.swift; path = CarHelper.swift; sourceTree = "<group>"; };
/* End PBXFileReference section */

/* Begin PBXFrameworksBuildPhase section */
		C1D86FCD2C69B38600C87F72 /* Frameworks */ = {
			isa = PBXFrameworksBuildPhase;
			buildActionMask = 2147483647;
			files = (
			);
			runOnlyForDeploymentPostprocessing = 0;
		};
/* End PBXFrameworksBuildPhase section */

/* Begin PBXGroup section */
		C1D86FC72C69B38600C87F72 = {
			isa = PBXGroup;
			children = (
				C1D86FD22C69B38600C87F72 /* programmatically */,
				C1D86FD12C69B38600C87F72 /* Products */,
			);
			sourceTree = "<group>";
		};
		C1D86FD12C69B38600C87F72 /* Products */ = {
			isa = PBXGroup;
			children = (
				C1D86FD02C69B38600C87F72 /* programmatically.app */,
			);
			name = Products;
			sourceTree = "<group>";
		};
		C1D86FD22C69B38600C87F72 /* programmatically */ = {
			isa = PBXGroup;
			children = (
				C1D86FD32C69B38600C87F72 /* AppDelegate.swift */,
				C1D86FD52C69B38600C87F72 /* SceneDelegate.swift */,
				C1D86FE92C69B51C00C87F72 /* PageVC */,
				C1D86FD72C69B38600C87F72 /* ViewController.swift */,
				C1D86FD92C69B38600C87F72 /* Main.storyboard */,
				C1D86FDC2C69B38800C87F72 /* Assets.xcassets */,
				C1D86FDE2C69B38800C87F72 /* LaunchScreen.storyboard */,
				C1D86FE12C69B38800C87F72 /* Info.plist */,
			);
			path = programmatically;
			sourceTree = "<group>";
		};
		C1D86FE92C69B51C00C87F72 /* PageVC */ = {
			isa = PBXGroup;
			children = (
				C1D86FE72C69B4EC00C87F72 /* MyPageViewController.swift */,
				C1D86FEA2C69B88200C87F72 /* CarViewController.swift */,
				C1D86FEC2C69BEAE00C87F72 /* CarHelper.swift */,
			);
			path = PageVC;
			sourceTree = "<group>";
		};
/* End PBXGroup section */

/* Begin PBXNativeTarget section */
		C1D86FCF2C69B38600C87F72 /* programmatically */ = {
			isa = PBXNativeTarget;
			buildConfigurationList = C1D86FE42C69B38800C87F72 /* Build configuration list for PBXNativeTarget "programmatically" */;
			buildPhases = (
				C1D86FCC2C69B38600C87F72 /* Sources */,
				C1D86FCD2C69B38600C87F72 /* Frameworks */,
				C1D86FCE2C69B38600C87F72 /* Resources */,
			);
			buildRules = (
			);
			dependencies = (
			);
			name = programmatically;
			productName = programmatically;
			productReference = C1D86FD02C69B38600C87F72 /* programmatically.app */;
			productType = "com.apple.product-type.application";
		};
/* End PBXNativeTarget section */

/* Begin PBXProject section */
		C1D86FC82C69B38600C87F72 /* Project object */ = {
			isa = PBXProject;
			attributes = {
				BuildIndependentTargetsInParallel = 1;
				LastSwiftUpdateCheck = 1540;
				LastUpgradeCheck = 1540;
				TargetAttributes = {
					C1D86FCF2C69B38600C87F72 = {
						CreatedOnToolsVersion = 15.4;
					};
				};
			};
			buildConfigurationList = C1D86FCB2C69B38600C87F72 /* Build configuration list for PBXProject "programmatically" */;
			compatibilityVersion = "Xcode 14.0";
			developmentRegion = en;
			hasScannedForEncodings = 0;
			knownRegions = (
				en,
				Base,
			);
			mainGroup = C1D86FC72C69B38600C87F72;
			productRefGroup = C1D86FD12C69B38600C87F72 /* Products */;
			projectDirPath = "";
			projectRoot = "";
			targets = (
				C1D86FCF2C69B38600C87F72 /* programmatically */,
			);
		};
/* End PBXProject section */

/* Begin PBXResourcesBuildPhase section */
		C1D86FCE2C69B38600C87F72 /* Resources */ = {
			isa = PBXResourcesBuildPhase;
			buildActionMask = 2147483647;
			files = (
				C1D86FDD2C69B38800C87F72 /* Assets.xcassets in Resources */,
				C1D86FE02C69B38800C87F72 /* Base in Resources */,
				C1D86FDB2C69B38600C87F72 /* Base in Resources */,
			);
			runOnlyForDeploymentPostprocessing = 0;
		};
/* End PBXResourcesBuildPhase section */

/* Begin PBXSourcesBuildPhase section */
		C1D86FCC2C69B38600C87F72 /* Sources */ = {
			isa = PBXSourcesBuildPhase;
			buildActionMask = 2147483647;
			files = (
				C1D86FEB2C69B88200C87F72 /* CarViewController.swift in Sources */,
				C1D86FD82C69B38600C87F72 /* ViewController.swift in Sources */,
				C1D86FD42C69B38600C87F72 /* AppDelegate.swift in Sources */,
				C1D86FD62C69B38600C87F72 /* SceneDelegate.swift in Sources */,
				C1D86FED2C69BEAE00C87F72 /* CarHelper.swift in Sources */,
				C1D86FE82C69B4EC00C87F72 /* MyPageViewController.swift in Sources */,
			);
			runOnlyForDeploymentPostprocessing = 0;
		};
/* End PBXSourcesBuildPhase section */

/* Begin PBXVariantGroup section */
		C1D86FD92C69B38600C87F72 /* Main.storyboard */ = {
			isa = PBXVariantGroup;
			children = (
				C1D86FDA2C69B38600C87F72 /* Base */,
			);
			name = Main.storyboard;
			sourceTree = "<group>";
		};
		C1D86FDE2C69B38800C87F72 /* LaunchScreen.storyboard */ = {
			isa = PBXVariantGroup;
			children = (
				C1D86FDF2C69B38800C87F72 /* Base */,
			);
			name = LaunchScreen.storyboard;
			sourceTree = "<group>";
		};
/* End PBXVariantGroup section */

/* Begin XCBuildConfiguration section */
		C1D86FE22C69B38800C87F72 /* Debug */ = {
			isa = XCBuildConfiguration;
			buildSettings = {
				ALWAYS_SEARCH_USER_PATHS = NO;
				ASSETCATALOG_COMPILER_GENERATE_SWIFT_ASSET_SYMBOL_EXTENSIONS = YES;
				CLANG_ANALYZER_NONNULL = YES;
				CLANG_ANALYZER_NUMBER_OBJECT_CONVERSION = YES_AGGRESSIVE;
				CLANG_CXX_LANGUAGE_STANDARD = "gnu++20";
				CLANG_ENABLE_MODULES = YES;
				CLANG_ENABLE_OBJC_ARC = YES;
				CLANG_ENABLE_OBJC_WEAK = YES;
				CLANG_WARN_BLOCK_CAPTURE_AUTORELEASING = YES;
				CLANG_WARN_BOOL_CONVERSION = YES;
				CLANG_WARN_COMMA = YES;
				CLANG_WARN_CONSTANT_CONVERSION = YES;
				CLANG_WARN_DEPRECATED_OBJC_IMPLEMENTATIONS = YES;
				CLANG_WARN_DIRECT_OBJC_ISA_USAGE = YES_ERROR;
				CLANG_WARN_DOCUMENTATION_COMMENTS = YES;
				CLANG_WARN_EMPTY_BODY = YES;
				CLANG_WARN_ENUM_CONVERSION = YES;
				CLANG_WARN_INFINITE_RECURSION = YES;
				CLANG_WARN_INT_CONVERSION = YES;
				CLANG_WARN_NON_LITERAL_NULL_CONVERSION = YES;
				CLANG_WARN_OBJC_IMPLICIT_RETAIN_SELF = YES;
				CLANG_WARN_OBJC_LITERAL_CONVERSION = YES;
				CLANG_WARN_OBJC_ROOT_CLASS = YES_ERROR;
				CLANG_WARN_QUOTED_INCLUDE_IN_FRAMEWORK_HEADER = YES;
				CLANG_WARN_RANGE_LOOP_ANALYSIS = YES;
				CLANG_WARN_STRICT_PROTOTYPES = YES;
				CLANG_WARN_SUSPICIOUS_MOVE = YES;
				CLANG_WARN_UNGUARDED_AVAILABILITY = YES_AGGRESSIVE;
				CLANG_WARN_UNREACHABLE_CODE = YES;
				CLANG_WARN__DUPLICATE_METHOD_MATCH = YES;
				COPY_PHASE_STRIP = NO;
				DEBUG_INFORMATION_FORMAT = dwarf;
				ENABLE_STRICT_OBJC_MSGSEND = YES;
				ENABLE_TESTABILITY = YES;
				ENABLE_USER_SCRIPT_SANDBOXING = YES;
				GCC_C_LANGUAGE_STANDARD = gnu17;
				GCC_DYNAMIC_NO_PIC = NO;
				GCC_NO_COMMON_BLOCKS = YES;
				GCC_OPTIMIZATION_LEVEL = 0;
				GCC_PREPROCESSOR_DEFINITIONS = (
					"DEBUG=1",
					"$(inherited)",
				);
				GCC_WARN_64_TO_32_BIT_CONVERSION = YES;
				GCC_WARN_ABOUT_RETURN_TYPE = YES_ERROR;
				GCC_WARN_UNDECLARED_SELECTOR = YES;
				GCC_WARN_UNINITIALIZED_AUTOS = YES_AGGRESSIVE;
				GCC_WARN_UNUSED_FUNCTION = YES;
				GCC_WARN_UNUSED_VARIABLE = YES;
				IPHONEOS_DEPLOYMENT_TARGET = 17.5;
				LOCALIZATION_PREFERS_STRING_CATALOGS = YES;
				MTL_ENABLE_DEBUG_INFO = INCLUDE_SOURCE;
				MTL_FAST_MATH = YES;
				ONLY_ACTIVE_ARCH = YES;
				SDKROOT = iphoneos;
				SWIFT_ACTIVE_COMPILATION_CONDITIONS = "DEBUG $(inherited)";
				SWIFT_OPTIMIZATION_LEVEL = "-Onone";
			};
			name = Debug;
		};
		C1D86FE32C69B38800C87F72 /* Release */ = {
			isa = XCBuildConfiguration;
			buildSettings = {
				ALWAYS_SEARCH_USER_PATHS = NO;
				ASSETCATALOG_COMPILER_GENERATE_SWIFT_ASSET_SYMBOL_EXTENSIONS = YES;
				CLANG_ANALYZER_NONNULL = YES;
				CLANG_ANALYZER_NUMBER_OBJECT_CONVERSION = YES_AGGRESSIVE;
				CLANG_CXX_LANGUAGE_STANDARD = "gnu++20";
				CLANG_ENABLE_MODULES = YES;
				CLANG_ENABLE_OBJC_ARC = YES;
				CLANG_ENABLE_OBJC_WEAK = YES;
				CLANG_WARN_BLOCK_CAPTURE_AUTORELEASING = YES;
				CLANG_WARN_BOOL_CONVERSION = YES;
				CLANG_WARN_COMMA = YES;
				CLANG_WARN_CONSTANT_CONVERSION = YES;
				CLANG_WARN_DEPRECATED_OBJC_IMPLEMENTATIONS = YES;
				CLANG_WARN_DIRECT_OBJC_ISA_USAGE = YES_ERROR;
				CLANG_WARN_DOCUMENTATION_COMMENTS = YES;
				CLANG_WARN_EMPTY_BODY = YES;
				CLANG_WARN_ENUM_CONVERSION = YES;
				CLANG_WARN_INFINITE_RECURSION = YES;
				CLANG_WARN_INT_CONVERSION = YES;
				CLANG_WARN_NON_LITERAL_NULL_CONVERSION = YES;
				CLANG_WARN_OBJC_IMPLICIT_RETAIN_SELF = YES;
				CLANG_WARN_OBJC_LITERAL_CONVERSION = YES;
				CLANG_WARN_OBJC_ROOT_CLASS = YES_ERROR;
				CLANG_WARN_QUOTED_INCLUDE_IN_FRAMEWORK_HEADER = YES;
				CLANG_WARN_RANGE_LOOP_ANALYSIS = YES;
				CLANG_WARN_STRICT_PROTOTYPES = YES;
				CLANG_WARN_SUSPICIOUS_MOVE = YES;
				CLANG_WARN_UNGUARDED_AVAILABILITY = YES_AGGRESSIVE;
				CLANG_WARN_UNREACHABLE_CODE = YES;
				CLANG_WARN__DUPLICATE_METHOD_MATCH = YES;
				COPY_PHASE_STRIP = NO;
				DEBUG_INFORMATION_FORMAT = "dwarf-with-dsym";
				ENABLE_NS_ASSERTIONS = NO;
				ENABLE_STRICT_OBJC_MSGSEND = YES;
				ENABLE_USER_SCRIPT_SANDBOXING = YES;
				GCC_C_LANGUAGE_STANDARD = gnu17;
				GCC_NO_COMMON_BLOCKS = YES;
				GCC_WARN_64_TO_32_BIT_CONVERSION = YES;
				GCC_WARN_ABOUT_RETURN_TYPE = YES_ERROR;
				GCC_WARN_UNDECLARED_SELECTOR = YES;
				GCC_WARN_UNINITIALIZED_AUTOS = YES_AGGRESSIVE;
				GCC_WARN_UNUSED_FUNCTION = YES;
				GCC_WARN_UNUSED_VARIABLE = YES;
				IPHONEOS_DEPLOYMENT_TARGET = 17.5;
				LOCALIZATION_PREFERS_STRING_CATALOGS = YES;
				MTL_ENABLE_DEBUG_INFO = NO;
				MTL_FAST_MATH = YES;
				SDKROOT = iphoneos;
				SWIFT_COMPILATION_MODE = wholemodule;
				VALIDATE_PRODUCT = YES;
			};
			name = Release;
		};
		C1D86FE52C69B38800C87F72 /* Debug */ = {
			isa = XCBuildConfiguration;
			buildSettings = {
				ASSETCATALOG_COMPILER_APPICON_NAME = AppIcon;
				ASSETCATALOG_COMPILER_GLOBAL_ACCENT_COLOR_NAME = AccentColor;
				CODE_SIGN_STYLE = Automatic;
				CURRENT_PROJECT_VERSION = 1;
				GENERATE_INFOPLIST_FILE = YES;
				INFOPLIST_FILE = programmatically/Info.plist;
				INFOPLIST_KEY_UIApplicationSupportsIndirectInputEvents = YES;
				INFOPLIST_KEY_UILaunchStoryboardName = LaunchScreen;
				INFOPLIST_KEY_UIMainStoryboardFile = Main;
				INFOPLIST_KEY_UISupportedInterfaceOrientations_iPad = "UIInterfaceOrientationPortrait UIInterfaceOrientationPortraitUpsideDown UIInterfaceOrientationLandscapeLeft UIInterfaceOrientationLandscapeRight";
				INFOPLIST_KEY_UISupportedInterfaceOrientations_iPhone = "UIInterfaceOrientationPortrait UIInterfaceOrientationLandscapeLeft UIInterfaceOrientationLandscapeRight";
				LD_RUNPATH_SEARCH_PATHS = (
					"$(inherited)",
					"@executable_path/Frameworks",
				);
				MARKETING_VERSION = 1.0;
				PRODUCT_BUNDLE_IDENTIFIER = com.example.programmatically;
				PRODUCT_NAME = "$(TARGET_NAME)";
				SWIFT_EMIT_LOC_STRINGS = YES;
				SWIFT_VERSION = 5.0;
				TARGETED_DEVICE_FAMILY = "1,2";
			};
			name = Debug;
		};
		C1D86FE62C69B38800C87F72 /* Release */ = {
			isa = XCBuildConfiguration;
			buildSettings = {
				ASSETCATALOG_COMPILER_APPICON_NAME = AppIcon;
				ASSETCATALOG_COMPILER_GLOBAL_ACCENT_COLOR_NAME = AccentColor;
				CODE_SIGN_STYLE = Automatic;
				CURRENT_PROJECT_VERSION = 1;
				GENERATE_INFOPLIST_FILE = YES;
				INFOPLIST_FILE = programmatically/Info.plist;
				INFOPLIST_KEY_UIApplicationSupportsIndirectInputEvents = YES;
				INFOPLIST_KEY_UILaunchStoryboardName = LaunchScreen;
				INFOPLIST_KEY_UIMainStoryboardFile = Main;
				INFOPLIST_KEY_UISupportedInterfaceOrientations_iPad = "UIInterfaceOrientationPortrait UIInterfaceOrientationPortraitUpsideDown UIInterfaceOrientationLandscapeLeft UIInterfaceOrientationLandscapeRight";
				INFOPLIST_KEY_UISupportedInterfaceOrientations_iPhone = "UIInterfaceOrientationPortrait UIInterfaceOrientationLandscapeLeft UIInterfaceOrientationLandscapeRight";
				LD_RUNPATH_SEARCH_PATHS = (
					"$(inherited)",
					"@executable_path/Frameworks",
				);
				MARKETING_VERSION = 1.0;
				PRODUCT_BUNDLE_IDENTIFIER = com.example.programmatically;
				PRODUCT_NAME = "$(TARGET_NAME)";
				SWIFT_EMIT_LOC_STRINGS = YES;
				SWIFT_VERSION = 5.0;
				TARGETED_DEVICE_FAMILY = "1,2";
			};
			name = Release;
		};
/* End XCBuildConfiguration section */

/* Begin XCConfigurationList section */
		C1D86FCB2C69B38600C87F72 /* Build configuration list for PBXProject "programmatically" */ = {
			isa = XCConfigurationList;
			buildConfigurations = (
				C1D86FE22C69B38800C87F72 /* Debug */,
				C1D86FE32C69B38800C87F72 /* Release */,
			);
			defaultConfigurationIsVisible = 0;
			defaultConfigurationName = Release;
		};
		C1D86FE42C69B38800C87F72 /* Build configuration list for PBXNativeTarget "programmatically" */ = {
			isa = XCConfigurationList;
			buildConfigurations = (
				C1D86FE52C69B38800C87F72 /* Debug */,
				C1D86FE62C69B38800C87F72 /* Release */,
			);
			defaultConfigurationIsVisible = 0;
			defaultConfigurationName = Release;
		};
/* End XCConfigurationList section */
	};
	rootObject = C1D86FC82C69B38600C87F72 /* Project object */;
}
