// !$*UTF8*$!
{
	archiveVersion = 1;
	classes = {
	};
	objectVersion = 56;
	objects = {

/* Begin PBXBuildFile section */
		C1BE49022C6D9E7700EA8431 /* AppDelegate.swift in Sources */ = {isa = PBXBuildFile; fileRef = C1BE49012C6D9E7700EA8431 /* AppDelegate.swift */; };
		C1BE49042C6D9E7700EA8431 /* SceneDelegate.swift in Sources */ = {isa = PBXBuildFile; fileRef = C1BE49032C6D9E7700EA8431 /* SceneDelegate.swift */; };
		C1BE49062C6D9E7700EA8431 /* ViewController.swift in Sources */ = {isa = PBXBuildFile; fileRef = C1BE49052C6D9E7700EA8431 /* ViewController.swift */; };
		C1BE49092C6D9E7700EA8431 /* Base in Resources */ = {isa = PBXBuildFile; fileRef = C1BE49082C6D9E7700EA8431 /* Base */; };
		C1BE490B2C6D9E7900EA8431 /* Assets.xcassets in Resources */ = {isa = PBXBuildFile; fileRef = C1BE490A2C6D9E7900EA8431 /* Assets.xcassets */; };
		C1BE490E2C6D9E7900EA8431 /* Base in Resources */ = {isa = PBXBuildFile; fileRef = C1BE490D2C6D9E7900EA8431 /* Base */; };
/* End PBXBuildFile section */

/* Begin PBXFileReference section */
		C1BE48FE2C6D9E7700EA8431 /* 23_Auto Layout Guide Interface Builder.app */ = {isa = PBXFileReference; explicitFileType = wrapper.application; includeInIndex = 0; path = "23_Auto Layout Guide Interface Builder.app"; sourceTree = BUILT_PRODUCTS_DIR; };
		C1BE49012C6D9E7700EA8431 /* AppDelegate.swift */ = {isa = PBXFileReference; lastKnownFileType = sourcecode.swift; path = AppDelegate.swift; sourceTree = "<group>"; };
		C1BE49032C6D9E7700EA8431 /* SceneDelegate.swift */ = {isa = PBXFileReference; lastKnownFileType = sourcecode.swift; path = SceneDelegate.swift; sourceTree = "<group>"; };
		C1BE49052C6D9E7700EA8431 /* ViewController.swift */ = {isa = PBXFileReference; lastKnownFileType = sourcecode.swift; path = ViewController.swift; sourceTree = "<group>"; };
		C1BE49082C6D9E7700EA8431 /* Base */ = {isa = PBXFileReference; lastKnownFileType = file.storyboard; name = Base; path = Base.lproj/Main.storyboard; sourceTree = "<group>"; };
		C1BE490A2C6D9E7900EA8431 /* Assets.xcassets */ = {isa = PBXFileReference; lastKnownFileType = folder.assetcatalog; path = Assets.xcassets; sourceTree = "<group>"; };
		C1BE490D2C6D9E7900EA8431 /* Base */ = {isa = PBXFileReference; lastKnownFileType = file.storyboard; name = Base; path = Base.lproj/LaunchScreen.storyboard; sourceTree = "<group>"; };
		C1BE490F2C6D9E7900EA8431 /* Info.plist */ = {isa = PBXFileReference; lastKnownFileType = text.plist.xml; path = Info.plist; sourceTree = "<group>"; };
/* End PBXFileReference section */

/* Begin PBXFrameworksBuildPhase section */
		C1BE48FB2C6D9E7700EA8431 /* Frameworks */ = {
			isa = PBXFrameworksBuildPhase;
			buildActionMask = 2147483647;
			files = (
			);
			runOnlyForDeploymentPostprocessing = 0;
		};
/* End PBXFrameworksBuildPhase section */

/* Begin PBXGroup section */
		C1BE48F52C6D9E7700EA8431 = {
			isa = PBXGroup;
			children = (
				C1BE49002C6D9E7700EA8431 /* 23_Auto Layout Guide Interface Builder */,
				C1BE48FF2C6D9E7700EA8431 /* Products */,
			);
			sourceTree = "<group>";
		};
		C1BE48FF2C6D9E7700EA8431 /* Products */ = {
			isa = PBXGroup;
			children = (
				C1BE48FE2C6D9E7700EA8431 /* 23_Auto Layout Guide Interface Builder.app */,
			);
			name = Products;
			sourceTree = "<group>";
		};
		C1BE49002C6D9E7700EA8431 /* 23_Auto Layout Guide Interface Builder */ = {
			isa = PBXGroup;
			children = (
				C1BE49012C6D9E7700EA8431 /* AppDelegate.swift */,
				C1BE49032C6D9E7700EA8431 /* SceneDelegate.swift */,
				C1BE49052C6D9E7700EA8431 /* ViewController.swift */,
				C1BE49072C6D9E7700EA8431 /* Main.storyboard */,
				C1BE490A2C6D9E7900EA8431 /* Assets.xcassets */,
				C1BE490C2C6D9E7900EA8431 /* LaunchScreen.storyboard */,
				C1BE490F2C6D9E7900EA8431 /* Info.plist */,
			);
			path = "23_Auto Layout Guide Interface Builder";
			sourceTree = "<group>";
		};
/* End PBXGroup section */

/* Begin PBXNativeTarget section */
		C1BE48FD2C6D9E7700EA8431 /* 23_Auto Layout Guide Interface Builder */ = {
			isa = PBXNativeTarget;
			buildConfigurationList = C1BE49122C6D9E7900EA8431 /* Build configuration list for PBXNativeTarget "23_Auto Layout Guide Interface Builder" */;
			buildPhases = (
				C1BE48FA2C6D9E7700EA8431 /* Sources */,
				C1BE48FB2C6D9E7700EA8431 /* Frameworks */,
				C1BE48FC2C6D9E7700EA8431 /* Resources */,
			);
			buildRules = (
			);
			dependencies = (
			);
			name = "23_Auto Layout Guide Interface Builder";
			productName = "23_Auto Layout Guide Interface Builder";
			productReference = C1BE48FE2C6D9E7700EA8431 /* 23_Auto Layout Guide Interface Builder.app */;
			productType = "com.apple.product-type.application";
		};
/* End PBXNativeTarget section */

/* Begin PBXProject section */
		C1BE48F62C6D9E7700EA8431 /* Project object */ = {
			isa = PBXProject;
			attributes = {
				BuildIndependentTargetsInParallel = 1;
				LastSwiftUpdateCheck = 1540;
				LastUpgradeCheck = 1540;
				TargetAttributes = {
					C1BE48FD2C6D9E7700EA8431 = {
						CreatedOnToolsVersion = 15.4;
					};
				};
			};
			buildConfigurationList = C1BE48F92C6D9E7700EA8431 /* Build configuration list for PBXProject "23_Auto Layout Guide Interface Builder" */;
			compatibilityVersion = "Xcode 14.0";
			developmentRegion = en;
			hasScannedForEncodings = 0;
			knownRegions = (
				en,
				Base,
			);
			mainGroup = C1BE48F52C6D9E7700EA8431;
			productRefGroup = C1BE48FF2C6D9E7700EA8431 /* Products */;
			projectDirPath = "";
			projectRoot = "";
			targets = (
				C1BE48FD2C6D9E7700EA8431 /* 23_Auto Layout Guide Interface Builder */,
			);
		};
/* End PBXProject section */

/* Begin PBXResourcesBuildPhase section */
		C1BE48FC2C6D9E7700EA8431 /* Resources */ = {
			isa = PBXResourcesBuildPhase;
			buildActionMask = 2147483647;
			files = (
				C1BE490B2C6D9E7900EA8431 /* Assets.xcassets in Resources */,
				C1BE490E2C6D9E7900EA8431 /* Base in Resources */,
				C1BE49092C6D9E7700EA8431 /* Base in Resources */,
			);
			runOnlyForDeploymentPostprocessing = 0;
		};
/* End PBXResourcesBuildPhase section */

/* Begin PBXSourcesBuildPhase section */
		C1BE48FA2C6D9E7700EA8431 /* Sources */ = {
			isa = PBXSourcesBuildPhase;
			buildActionMask = 2147483647;
			files = (
				C1BE49062C6D9E7700EA8431 /* ViewController.swift in Sources */,
				C1BE49022C6D9E7700EA8431 /* AppDelegate.swift in Sources */,
				C1BE49042C6D9E7700EA8431 /* SceneDelegate.swift in Sources */,
			);
			runOnlyForDeploymentPostprocessing = 0;
		};
/* End PBXSourcesBuildPhase section */

/* Begin PBXVariantGroup section */
		C1BE49072C6D9E7700EA8431 /* Main.storyboard */ = {
			isa = PBXVariantGroup;
			children = (
				C1BE49082C6D9E7700EA8431 /* Base */,
			);
			name = Main.storyboard;
			sourceTree = "<group>";
		};
		C1BE490C2C6D9E7900EA8431 /* LaunchScreen.storyboard */ = {
			isa = PBXVariantGroup;
			children = (
				C1BE490D2C6D9E7900EA8431 /* Base */,
			);
			name = LaunchScreen.storyboard;
			sourceTree = "<group>";
		};
/* End PBXVariantGroup section */

/* Begin XCBuildConfiguration section */
		C1BE49102C6D9E7900EA8431 /* Debug */ = {
			isa = XCBuildConfiguration;
			buildSettings = {
				ALWAYS_SEARCH_USER_PATHS = NO;
				ASSETCATALOG_COMPILER_GENERATE_SWIFT_ASSET_SYMBOL_EXTENSIONS = YES;
				CLANG_ANALYZER_NONNULL = YES;
				CLANG_ANALYZER_NUMBER_OBJECT_CONVERSION = YES_AGGRESSIVE;
				CLANG_CXX_LANGUAGE_STANDARD = "gnu++20";
				CLANG_ENABLE_MODULES = YES;
				CLANG_ENABLE_OBJC_ARC = YES;
				CLANG_ENABLE_OBJC_WEAK = YES;
				CLANG_WARN_BLOCK_CAPTURE_AUTORELEASING = YES;
				CLANG_WARN_BOOL_CONVERSION = YES;
				CLANG_WARN_COMMA = YES;
				CLANG_WARN_CONSTANT_CONVERSION = YES;
				CLANG_WARN_DEPRECATED_OBJC_IMPLEMENTATIONS = YES;
				CLANG_WARN_DIRECT_OBJC_ISA_USAGE = YES_ERROR;
				CLANG_WARN_DOCUMENTATION_COMMENTS = YES;
				CLANG_WARN_EMPTY_BODY = YES;
				CLANG_WARN_ENUM_CONVERSION = YES;
				CLANG_WARN_INFINITE_RECURSION = YES;
				CLANG_WARN_INT_CONVERSION = YES;
				CLANG_WARN_NON_LITERAL_NULL_CONVERSION = YES;
				CLANG_WARN_OBJC_IMPLICIT_RETAIN_SELF = YES;
				CLANG_WARN_OBJC_LITERAL_CONVERSION = YES;
				CLANG_WARN_OBJC_ROOT_CLASS = YES_ERROR;
				CLANG_WARN_QUOTED_INCLUDE_IN_FRAMEWORK_HEADER = YES;
				CLANG_WARN_RANGE_LOOP_ANALYSIS = YES;
				CLANG_WARN_STRICT_PROTOTYPES = YES;
				CLANG_WARN_SUSPICIOUS_MOVE = YES;
				CLANG_WARN_UNGUARDED_AVAILABILITY = YES_AGGRESSIVE;
				CLANG_WARN_UNREACHABLE_CODE = YES;
				CLANG_WARN__DUPLICATE_METHOD_MATCH = YES;
				COPY_PHASE_STRIP = NO;
				DEBUG_INFORMATION_FORMAT = dwarf;
				ENABLE_STRICT_OBJC_MSGSEND = YES;
				ENABLE_TESTABILITY = YES;
				ENABLE_USER_SCRIPT_SANDBOXING = YES;
				GCC_C_LANGUAGE_STANDARD = gnu17;
				GCC_DYNAMIC_NO_PIC = NO;
				GCC_NO_COMMON_BLOCKS = YES;
				GCC_OPTIMIZATION_LEVEL = 0;
				GCC_PREPROCESSOR_DEFINITIONS = (
					"DEBUG=1",
					"$(inherited)",
				);
				GCC_WARN_64_TO_32_BIT_CONVERSION = YES;
				GCC_WARN_ABOUT_RETURN_TYPE = YES_ERROR;
				GCC_WARN_UNDECLARED_SELECTOR = YES;
				GCC_WARN_UNINITIALIZED_AUTOS = YES_AGGRESSIVE;
				GCC_WARN_UNUSED_FUNCTION = YES;
				GCC_WARN_UNUSED_VARIABLE = YES;
				IPHONEOS_DEPLOYMENT_TARGET = 17.5;
				LOCALIZATION_PREFERS_STRING_CATALOGS = YES;
				MTL_ENABLE_DEBUG_INFO = INCLUDE_SOURCE;
				MTL_FAST_MATH = YES;
				ONLY_ACTIVE_ARCH = YES;
				SDKROOT = iphoneos;
				SWIFT_ACTIVE_COMPILATION_CONDITIONS = "DEBUG $(inherited)";
				SWIFT_OPTIMIZATION_LEVEL = "-Onone";
			};
			name = Debug;
		};
		C1BE49112C6D9E7900EA8431 /* Release */ = {
			isa = XCBuildConfiguration;
			buildSettings = {
				ALWAYS_SEARCH_USER_PATHS = NO;
				ASSETCATALOG_COMPILER_GENERATE_SWIFT_ASSET_SYMBOL_EXTENSIONS = YES;
				CLANG_ANALYZER_NONNULL = YES;
				CLANG_ANALYZER_NUMBER_OBJECT_CONVERSION = YES_AGGRESSIVE;
				CLANG_CXX_LANGUAGE_STANDARD = "gnu++20";
				CLANG_ENABLE_MODULES = YES;
				CLANG_ENABLE_OBJC_ARC = YES;
				CLANG_ENABLE_OBJC_WEAK = YES;
				CLANG_WARN_BLOCK_CAPTURE_AUTORELEASING = YES;
				CLANG_WARN_BOOL_CONVERSION = YES;
				CLANG_WARN_COMMA = YES;
				CLANG_WARN_CONSTANT_CONVERSION = YES;
				CLANG_WARN_DEPRECATED_OBJC_IMPLEMENTATIONS = YES;
				CLANG_WARN_DIRECT_OBJC_ISA_USAGE = YES_ERROR;
				CLANG_WARN_DOCUMENTATION_COMMENTS = YES;
				CLANG_WARN_EMPTY_BODY = YES;
				CLANG_WARN_ENUM_CONVERSION = YES;
				CLANG_WARN_INFINITE_RECURSION = YES;
				CLANG_WARN_INT_CONVERSION = YES;
				CLANG_WARN_NON_LITERAL_NULL_CONVERSION = YES;
				CLANG_WARN_OBJC_IMPLICIT_RETAIN_SELF = YES;
				CLANG_WARN_OBJC_LITERAL_CONVERSION = YES;
				CLANG_WARN_OBJC_ROOT_CLASS = YES_ERROR;
				CLANG_WARN_QUOTED_INCLUDE_IN_FRAMEWORK_HEADER = YES;
				CLANG_WARN_RANGE_LOOP_ANALYSIS = YES;
				CLANG_WARN_STRICT_PROTOTYPES = YES;
				CLANG_WARN_SUSPICIOUS_MOVE = YES;
				CLANG_WARN_UNGUARDED_AVAILABILITY = YES_AGGRESSIVE;
				CLANG_WARN_UNREACHABLE_CODE = YES;
				CLANG_WARN__DUPLICATE_METHOD_MATCH = YES;
				COPY_PHASE_STRIP = NO;
				DEBUG_INFORMATION_FORMAT = "dwarf-with-dsym";
				ENABLE_NS_ASSERTIONS = NO;
				ENABLE_STRICT_OBJC_MSGSEND = YES;
				ENABLE_USER_SCRIPT_SANDBOXING = YES;
				GCC_C_LANGUAGE_STANDARD = gnu17;
				GCC_NO_COMMON_BLOCKS = YES;
				GCC_WARN_64_TO_32_BIT_CONVERSION = YES;
				GCC_WARN_ABOUT_RETURN_TYPE = YES_ERROR;
				GCC_WARN_UNDECLARED_SELECTOR = YES;
				GCC_WARN_UNINITIALIZED_AUTOS = YES_AGGRESSIVE;
				GCC_WARN_UNUSED_FUNCTION = YES;
				GCC_WARN_UNUSED_VARIABLE = YES;
				IPHONEOS_DEPLOYMENT_TARGET = 17.5;
				LOCALIZATION_PREFERS_STRING_CATALOGS = YES;
				MTL_ENABLE_DEBUG_INFO = NO;
				MTL_FAST_MATH = YES;
				SDKROOT = iphoneos;
				SWIFT_COMPILATION_MODE = wholemodule;
				VALIDATE_PRODUCT = YES;
			};
			name = Release;
		};
		C1BE49132C6D9E7900EA8431 /* Debug */ = {
			isa = XCBuildConfiguration;
			buildSettings = {
				ASSETCATALOG_COMPILER_APPICON_NAME = AppIcon;
				ASSETCATALOG_COMPILER_GLOBAL_ACCENT_COLOR_NAME = AccentColor;
				CODE_SIGN_STYLE = Automatic;
				CURRENT_PROJECT_VERSION = 1;
				GENERATE_INFOPLIST_FILE = YES;
				INFOPLIST_FILE = "23_Auto Layout Guide Interface Builder/Info.plist";
				INFOPLIST_KEY_UIApplicationSupportsIndirectInputEvents = YES;
				INFOPLIST_KEY_UILaunchStoryboardName = LaunchScreen;
				INFOPLIST_KEY_UIMainStoryboardFile = Main;
				INFOPLIST_KEY_UISupportedInterfaceOrientations_iPad = "UIInterfaceOrientationPortrait UIInterfaceOrientationPortraitUpsideDown UIInterfaceOrientationLandscapeLeft UIInterfaceOrientationLandscapeRight";
				INFOPLIST_KEY_UISupportedInterfaceOrientations_iPhone = "UIInterfaceOrientationPortrait UIInterfaceOrientationLandscapeLeft UIInterfaceOrientationLandscapeRight";
				LD_RUNPATH_SEARCH_PATHS = (
					"$(inherited)",
					"@executable_path/Frameworks",
				);
				MARKETING_VERSION = 1.0;
				PRODUCT_BUNDLE_IDENTIFIER = "com.example.-3-Auto-Layout-Guide-Interface-Builder";
				PRODUCT_NAME = "$(TARGET_NAME)";
				SWIFT_EMIT_LOC_STRINGS = YES;
				SWIFT_VERSION = 5.0;
				TARGETED_DEVICE_FAMILY = "1,2";
			};
			name = Debug;
		};
		C1BE49142C6D9E7900EA8431 /* Release */ = {
			isa = XCBuildConfiguration;
			buildSettings = {
				ASSETCATALOG_COMPILER_APPICON_NAME = AppIcon;
				ASSETCATALOG_COMPILER_GLOBAL_ACCENT_COLOR_NAME = AccentColor;
				CODE_SIGN_STYLE = Automatic;
				CURRENT_PROJECT_VERSION = 1;
				GENERATE_INFOPLIST_FILE = YES;
				INFOPLIST_FILE = "23_Auto Layout Guide Interface Builder/Info.plist";
				INFOPLIST_KEY_UIApplicationSupportsIndirectInputEvents = YES;
				INFOPLIST_KEY_UILaunchStoryboardName = LaunchScreen;
				INFOPLIST_KEY_UIMainStoryboardFile = Main;
				INFOPLIST_KEY_UISupportedInterfaceOrientations_iPad = "UIInterfaceOrientationPortrait UIInterfaceOrientationPortraitUpsideDown UIInterfaceOrientationLandscapeLeft UIInterfaceOrientationLandscapeRight";
				INFOPLIST_KEY_UISupportedInterfaceOrientations_iPhone = "UIInterfaceOrientationPortrait UIInterfaceOrientationLandscapeLeft UIInterfaceOrientationLandscapeRight";
				LD_RUNPATH_SEARCH_PATHS = (
					"$(inherited)",
					"@executable_path/Frameworks",
				);
				MARKETING_VERSION = 1.0;
				PRODUCT_BUNDLE_IDENTIFIER = "com.example.-3-Auto-Layout-Guide-Interface-Builder";
				PRODUCT_NAME = "$(TARGET_NAME)";
				SWIFT_EMIT_LOC_STRINGS = YES;
				SWIFT_VERSION = 5.0;
				TARGETED_DEVICE_FAMILY = "1,2";
			};
			name = Release;
		};
/* End XCBuildConfiguration section */

/* Begin XCConfigurationList section */
		C1BE48F92C6D9E7700EA8431 /* Build configuration list for PBXProject "23_Auto Layout Guide Interface Builder" */ = {
			isa = XCConfigurationList;
			buildConfigurations = (
				C1BE49102C6D9E7900EA8431 /* Debug */,
				C1BE49112C6D9E7900EA8431 /* Release */,
			);
			defaultConfigurationIsVisible = 0;
			defaultConfigurationName = Release;
		};
		C1BE49122C6D9E7900EA8431 /* Build configuration list for PBXNativeTarget "23_Auto Layout Guide Interface Builder" */ = {
			isa = XCConfigurationList;
			buildConfigurations = (
				C1BE49132C6D9E7900EA8431 /* Debug */,
				C1BE49142C6D9E7900EA8431 /* Release */,
			);
			defaultConfigurationIsVisible = 0;
			defaultConfigurationName = Release;
		};
/* End XCConfigurationList section */
	};
	rootObject = C1BE48F62C6D9E7700EA8431 /* Project object */;
}
