// !$*UTF8*$!
{
	archiveVersion = 1;
	classes = {
	};
	objectVersion = 56;
	objects = {

/* Begin PBXBuildFile section */
		C1B1E05A2C72516500C7E49A /* AppDelegate.swift in Sources */ = {isa = PBXBuildFile; fileRef = C1B1E0592C72516500C7E49A /* AppDelegate.swift */; };
		C1B1E05C2C72516500C7E49A /* SceneDelegate.swift in Sources */ = {isa = PBXBuildFile; fileRef = C1B1E05B2C72516500C7E49A /* SceneDelegate.swift */; };
		C1B1E05E2C72516500C7E49A /* ViewController.swift in Sources */ = {isa = PBXBuildFile; fileRef = C1B1E05D2C72516500C7E49A /* ViewController.swift */; };
		C1B1E0612C72516500C7E49A /* Base in Resources */ = {isa = PBXBuildFile; fileRef = C1B1E0602C72516500C7E49A /* Base */; };
		C1B1E0632C72516700C7E49A /* Assets.xcassets in Resources */ = {isa = PBXBuildFile; fileRef = C1B1E0622C72516700C7E49A /* Assets.xcassets */; };
		C1B1E0662C72516700C7E49A /* Base in Resources */ = {isa = PBXBuildFile; fileRef = C1B1E0652C72516700C7E49A /* Base */; };
/* End PBXBuildFile section */

/* Begin PBXFileReference section */
		C1B1E0562C72516500C7E49A /* 26 _UITableViewController,MVC,UserDefaults.app */ = {isa = PBXFileReference; explicitFileType = wrapper.application; includeInIndex = 0; path = "26 _UITableViewController,MVC,UserDefaults.app"; sourceTree = BUILT_PRODUCTS_DIR; };
		C1B1E0592C72516500C7E49A /* AppDelegate.swift */ = {isa = PBXFileReference; lastKnownFileType = sourcecode.swift; path = AppDelegate.swift; sourceTree = "<group>"; };
		C1B1E05B2C72516500C7E49A /* SceneDelegate.swift */ = {isa = PBXFileReference; lastKnownFileType = sourcecode.swift; path = SceneDelegate.swift; sourceTree = "<group>"; };
		C1B1E05D2C72516500C7E49A /* ViewController.swift */ = {isa = PBXFileReference; lastKnownFileType = sourcecode.swift; path = ViewController.swift; sourceTree = "<group>"; };
		C1B1E0602C72516500C7E49A /* Base */ = {isa = PBXFileReference; lastKnownFileType = file.storyboard; name = Base; path = Base.lproj/Main.storyboard; sourceTree = "<group>"; };
		C1B1E0622C72516700C7E49A /* Assets.xcassets */ = {isa = PBXFileReference; lastKnownFileType = folder.assetcatalog; path = Assets.xcassets; sourceTree = "<group>"; };
		C1B1E0652C72516700C7E49A /* Base */ = {isa = PBXFileReference; lastKnownFileType = file.storyboard; name = Base; path = Base.lproj/LaunchScreen.storyboard; sourceTree = "<group>"; };
		C1B1E0672C72516700C7E49A /* Info.plist */ = {isa = PBXFileReference; lastKnownFileType = text.plist.xml; path = Info.plist; sourceTree = "<group>"; };
/* End PBXFileReference section */

/* Begin PBXFrameworksBuildPhase section */
		C1B1E0532C72516500C7E49A /* Frameworks */ = {
			isa = PBXFrameworksBuildPhase;
			buildActionMask = 2147483647;
			files = (
			);
			runOnlyForDeploymentPostprocessing = 0;
		};
/* End PBXFrameworksBuildPhase section */

/* Begin PBXGroup section */
		C1B1E04D2C72516500C7E49A = {
			isa = PBXGroup;
			children = (
				C1B1E0582C72516500C7E49A /* 26 _UITableViewController,MVC,UserDefaults */,
				C1B1E0572C72516500C7E49A /* Products */,
			);
			sourceTree = "<group>";
		};
		C1B1E0572C72516500C7E49A /* Products */ = {
			isa = PBXGroup;
			children = (
				C1B1E0562C72516500C7E49A /* 26 _UITableViewController,MVC,UserDefaults.app */,
			);
			name = Products;
			sourceTree = "<group>";
		};
		C1B1E0582C72516500C7E49A /* 26 _UITableViewController,MVC,UserDefaults */ = {
			isa = PBXGroup;
			children = (
				C1B1E0592C72516500C7E49A /* AppDelegate.swift */,
				C1B1E05B2C72516500C7E49A /* SceneDelegate.swift */,
				C1B1E05D2C72516500C7E49A /* ViewController.swift */,
				C1B1E05F2C72516500C7E49A /* Main.storyboard */,
				C1B1E0622C72516700C7E49A /* Assets.xcassets */,
				C1B1E0642C72516700C7E49A /* LaunchScreen.storyboard */,
				C1B1E0672C72516700C7E49A /* Info.plist */,
			);
			path = "26 _UITableViewController,MVC,UserDefaults";
			sourceTree = "<group>";
		};
/* End PBXGroup section */

/* Begin PBXNativeTarget section */
		C1B1E0552C72516500C7E49A /* 26 _UITableViewController,MVC,UserDefaults */ = {
			isa = PBXNativeTarget;
			buildConfigurationList = C1B1E06A2C72516700C7E49A /* Build configuration list for PBXNativeTarget "26 _UITableViewController,MVC,UserDefaults" */;
			buildPhases = (
				C1B1E0522C72516500C7E49A /* Sources */,
				C1B1E0532C72516500C7E49A /* Frameworks */,
				C1B1E0542C72516500C7E49A /* Resources */,
			);
			buildRules = (
			);
			dependencies = (
			);
			name = "26 _UITableViewController,MVC,UserDefaults";
			productName = "26 _UITableViewController,MVC,UserDefaults";
			productReference = C1B1E0562C72516500C7E49A /* 26 _UITableViewController,MVC,UserDefaults.app */;
			productType = "com.apple.product-type.application";
		};
/* End PBXNativeTarget section */

/* Begin PBXProject section */
		C1B1E04E2C72516500C7E49A /* Project object */ = {
			isa = PBXProject;
			attributes = {
				BuildIndependentTargetsInParallel = 1;
				LastSwiftUpdateCheck = 1540;
				LastUpgradeCheck = 1540;
				TargetAttributes = {
					C1B1E0552C72516500C7E49A = {
						CreatedOnToolsVersion = 15.4;
					};
				};
			};
			buildConfigurationList = C1B1E0512C72516500C7E49A /* Build configuration list for PBXProject "26 _UITableViewController,MVC,UserDefaults" */;
			compatibilityVersion = "Xcode 14.0";
			developmentRegion = en;
			hasScannedForEncodings = 0;
			knownRegions = (
				en,
				Base,
			);
			mainGroup = C1B1E04D2C72516500C7E49A;
			productRefGroup = C1B1E0572C72516500C7E49A /* Products */;
			projectDirPath = "";
			projectRoot = "";
			targets = (
				C1B1E0552C72516500C7E49A /* 26 _UITableViewController,MVC,UserDefaults */,
			);
		};
/* End PBXProject section */

/* Begin PBXResourcesBuildPhase section */
		C1B1E0542C72516500C7E49A /* Resources */ = {
			isa = PBXResourcesBuildPhase;
			buildActionMask = 2147483647;
			files = (
				C1B1E0632C72516700C7E49A /* Assets.xcassets in Resources */,
				C1B1E0662C72516700C7E49A /* Base in Resources */,
				C1B1E0612C72516500C7E49A /* Base in Resources */,
			);
			runOnlyForDeploymentPostprocessing = 0;
		};
/* End PBXResourcesBuildPhase section */

/* Begin PBXSourcesBuildPhase section */
		C1B1E0522C72516500C7E49A /* Sources */ = {
			isa = PBXSourcesBuildPhase;
			buildActionMask = 2147483647;
			files = (
				C1B1E05E2C72516500C7E49A /* ViewController.swift in Sources */,
				C1B1E05A2C72516500C7E49A /* AppDelegate.swift in Sources */,
				C1B1E05C2C72516500C7E49A /* SceneDelegate.swift in Sources */,
			);
			runOnlyForDeploymentPostprocessing = 0;
		};
/* End PBXSourcesBuildPhase section */

/* Begin PBXVariantGroup section */
		C1B1E05F2C72516500C7E49A /* Main.storyboard */ = {
			isa = PBXVariantGroup;
			children = (
				C1B1E0602C72516500C7E49A /* Base */,
			);
			name = Main.storyboard;
			sourceTree = "<group>";
		};
		C1B1E0642C72516700C7E49A /* LaunchScreen.storyboard */ = {
			isa = PBXVariantGroup;
			children = (
				C1B1E0652C72516700C7E49A /* Base */,
			);
			name = LaunchScreen.storyboard;
			sourceTree = "<group>";
		};
/* End PBXVariantGroup section */

/* Begin XCBuildConfiguration section */
		C1B1E0682C72516700C7E49A /* Debug */ = {
			isa = XCBuildConfiguration;
			buildSettings = {
				ALWAYS_SEARCH_USER_PATHS = NO;
				ASSETCATALOG_COMPILER_GENERATE_SWIFT_ASSET_SYMBOL_EXTENSIONS = YES;
				CLANG_ANALYZER_NONNULL = YES;
				CLANG_ANALYZER_NUMBER_OBJECT_CONVERSION = YES_AGGRESSIVE;
				CLANG_CXX_LANGUAGE_STANDARD = "gnu++20";
				CLANG_ENABLE_MODULES = YES;
				CLANG_ENABLE_OBJC_ARC = YES;
				CLANG_ENABLE_OBJC_WEAK = YES;
				CLANG_WARN_BLOCK_CAPTURE_AUTORELEASING = YES;
				CLANG_WARN_BOOL_CONVERSION = YES;
				CLANG_WARN_COMMA = YES;
				CLANG_WARN_CONSTANT_CONVERSION = YES;
				CLANG_WARN_DEPRECATED_OBJC_IMPLEMENTATIONS = YES;
				CLANG_WARN_DIRECT_OBJC_ISA_USAGE = YES_ERROR;
				CLANG_WARN_DOCUMENTATION_COMMENTS = YES;
				CLANG_WARN_EMPTY_BODY = YES;
				CLANG_WARN_ENUM_CONVERSION = YES;
				CLANG_WARN_INFINITE_RECURSION = YES;
				CLANG_WARN_INT_CONVERSION = YES;
				CLANG_WARN_NON_LITERAL_NULL_CONVERSION = YES;
				CLANG_WARN_OBJC_IMPLICIT_RETAIN_SELF = YES;
				CLANG_WARN_OBJC_LITERAL_CONVERSION = YES;
				CLANG_WARN_OBJC_ROOT_CLASS = YES_ERROR;
				CLANG_WARN_QUOTED_INCLUDE_IN_FRAMEWORK_HEADER = YES;
				CLANG_WARN_RANGE_LOOP_ANALYSIS = YES;
				CLANG_WARN_STRICT_PROTOTYPES = YES;
				CLANG_WARN_SUSPICIOUS_MOVE = YES;
				CLANG_WARN_UNGUARDED_AVAILABILITY = YES_AGGRESSIVE;
				CLANG_WARN_UNREACHABLE_CODE = YES;
				CLANG_WARN__DUPLICATE_METHOD_MATCH = YES;
				COPY_PHASE_STRIP = NO;
				DEBUG_INFORMATION_FORMAT = dwarf;
				ENABLE_STRICT_OBJC_MSGSEND = YES;
				ENABLE_TESTABILITY = YES;
				ENABLE_USER_SCRIPT_SANDBOXING = YES;
				GCC_C_LANGUAGE_STANDARD = gnu17;
				GCC_DYNAMIC_NO_PIC = NO;
				GCC_NO_COMMON_BLOCKS = YES;
				GCC_OPTIMIZATION_LEVEL = 0;
				GCC_PREPROCESSOR_DEFINITIONS = (
					"DEBUG=1",
					"$(inherited)",
				);
				GCC_WARN_64_TO_32_BIT_CONVERSION = YES;
				GCC_WARN_ABOUT_RETURN_TYPE = YES_ERROR;
				GCC_WARN_UNDECLARED_SELECTOR = YES;
				GCC_WARN_UNINITIALIZED_AUTOS = YES_AGGRESSIVE;
				GCC_WARN_UNUSED_FUNCTION = YES;
				GCC_WARN_UNUSED_VARIABLE = YES;
				IPHONEOS_DEPLOYMENT_TARGET = 17.5;
				LOCALIZATION_PREFERS_STRING_CATALOGS = YES;
				MTL_ENABLE_DEBUG_INFO = INCLUDE_SOURCE;
				MTL_FAST_MATH = YES;
				ONLY_ACTIVE_ARCH = YES;
				SDKROOT = iphoneos;
				SWIFT_ACTIVE_COMPILATION_CONDITIONS = "DEBUG $(inherited)";
				SWIFT_OPTIMIZATION_LEVEL = "-Onone";
			};
			name = Debug;
		};
		C1B1E0692C72516700C7E49A /* Release */ = {
			isa = XCBuildConfiguration;
			buildSettings = {
				ALWAYS_SEARCH_USER_PATHS = NO;
				ASSETCATALOG_COMPILER_GENERATE_SWIFT_ASSET_SYMBOL_EXTENSIONS = YES;
				CLANG_ANALYZER_NONNULL = YES;
				CLANG_ANALYZER_NUMBER_OBJECT_CONVERSION = YES_AGGRESSIVE;
				CLANG_CXX_LANGUAGE_STANDARD = "gnu++20";
				CLANG_ENABLE_MODULES = YES;
				CLANG_ENABLE_OBJC_ARC = YES;
				CLANG_ENABLE_OBJC_WEAK = YES;
				CLANG_WARN_BLOCK_CAPTURE_AUTORELEASING = YES;
				CLANG_WARN_BOOL_CONVERSION = YES;
				CLANG_WARN_COMMA = YES;
				CLANG_WARN_CONSTANT_CONVERSION = YES;
				CLANG_WARN_DEPRECATED_OBJC_IMPLEMENTATIONS = YES;
				CLANG_WARN_DIRECT_OBJC_ISA_USAGE = YES_ERROR;
				CLANG_WARN_DOCUMENTATION_COMMENTS = YES;
				CLANG_WARN_EMPTY_BODY = YES;
				CLANG_WARN_ENUM_CONVERSION = YES;
				CLANG_WARN_INFINITE_RECURSION = YES;
				CLANG_WARN_INT_CONVERSION = YES;
				CLANG_WARN_NON_LITERAL_NULL_CONVERSION = YES;
				CLANG_WARN_OBJC_IMPLICIT_RETAIN_SELF = YES;
				CLANG_WARN_OBJC_LITERAL_CONVERSION = YES;
				CLANG_WARN_OBJC_ROOT_CLASS = YES_ERROR;
				CLANG_WARN_QUOTED_INCLUDE_IN_FRAMEWORK_HEADER = YES;
				CLANG_WARN_RANGE_LOOP_ANALYSIS = YES;
				CLANG_WARN_STRICT_PROTOTYPES = YES;
				CLANG_WARN_SUSPICIOUS_MOVE = YES;
				CLANG_WARN_UNGUARDED_AVAILABILITY = YES_AGGRESSIVE;
				CLANG_WARN_UNREACHABLE_CODE = YES;
				CLANG_WARN__DUPLICATE_METHOD_MATCH = YES;
				COPY_PHASE_STRIP = NO;
				DEBUG_INFORMATION_FORMAT = "dwarf-with-dsym";
				ENABLE_NS_ASSERTIONS = NO;
				ENABLE_STRICT_OBJC_MSGSEND = YES;
				ENABLE_USER_SCRIPT_SANDBOXING = YES;
				GCC_C_LANGUAGE_STANDARD = gnu17;
				GCC_NO_COMMON_BLOCKS = YES;
				GCC_WARN_64_TO_32_BIT_CONVERSION = YES;
				GCC_WARN_ABOUT_RETURN_TYPE = YES_ERROR;
				GCC_WARN_UNDECLARED_SELECTOR = YES;
				GCC_WARN_UNINITIALIZED_AUTOS = YES_AGGRESSIVE;
				GCC_WARN_UNUSED_FUNCTION = YES;
				GCC_WARN_UNUSED_VARIABLE = YES;
				IPHONEOS_DEPLOYMENT_TARGET = 17.5;
				LOCALIZATION_PREFERS_STRING_CATALOGS = YES;
				MTL_ENABLE_DEBUG_INFO = NO;
				MTL_FAST_MATH = YES;
				SDKROOT = iphoneos;
				SWIFT_COMPILATION_MODE = wholemodule;
				VALIDATE_PRODUCT = YES;
			};
			name = Release;
		};
		C1B1E06B2C72516700C7E49A /* Debug */ = {
			isa = XCBuildConfiguration;
			buildSettings = {
				ASSETCATALOG_COMPILER_APPICON_NAME = AppIcon;
				ASSETCATALOG_COMPILER_GLOBAL_ACCENT_COLOR_NAME = AccentColor;
				CODE_SIGN_STYLE = Automatic;
				CURRENT_PROJECT_VERSION = 1;
				GENERATE_INFOPLIST_FILE = YES;
				INFOPLIST_FILE = "26 _UITableViewController,MVC,UserDefaults/Info.plist";
				INFOPLIST_KEY_UIApplicationSupportsIndirectInputEvents = YES;
				INFOPLIST_KEY_UILaunchStoryboardName = LaunchScreen;
				INFOPLIST_KEY_UIMainStoryboardFile = Main;
				INFOPLIST_KEY_UISupportedInterfaceOrientations_iPad = "UIInterfaceOrientationPortrait UIInterfaceOrientationPortraitUpsideDown UIInterfaceOrientationLandscapeLeft UIInterfaceOrientationLandscapeRight";
				INFOPLIST_KEY_UISupportedInterfaceOrientations_iPhone = "UIInterfaceOrientationPortrait UIInterfaceOrientationLandscapeLeft UIInterfaceOrientationLandscapeRight";
				LD_RUNPATH_SEARCH_PATHS = (
					"$(inherited)",
					"@executable_path/Frameworks",
				);
				MARKETING_VERSION = 1.0;
				PRODUCT_BUNDLE_IDENTIFIER = "com.example.-6--UITableViewController-MVC-UserDefaults";
				PRODUCT_NAME = "$(TARGET_NAME)";
				SWIFT_EMIT_LOC_STRINGS = YES;
				SWIFT_VERSION = 5.0;
				TARGETED_DEVICE_FAMILY = "1,2";
			};
			name = Debug;
		};
		C1B1E06C2C72516700C7E49A /* Release */ = {
			isa = XCBuildConfiguration;
			buildSettings = {
				ASSETCATALOG_COMPILER_APPICON_NAME = AppIcon;
				ASSETCATALOG_COMPILER_GLOBAL_ACCENT_COLOR_NAME = AccentColor;
				CODE_SIGN_STYLE = Automatic;
				CURRENT_PROJECT_VERSION = 1;
				GENERATE_INFOPLIST_FILE = YES;
				INFOPLIST_FILE = "26 _UITableViewController,MVC,UserDefaults/Info.plist";
				INFOPLIST_KEY_UIApplicationSupportsIndirectInputEvents = YES;
				INFOPLIST_KEY_UILaunchStoryboardName = LaunchScreen;
				INFOPLIST_KEY_UIMainStoryboardFile = Main;
				INFOPLIST_KEY_UISupportedInterfaceOrientations_iPad = "UIInterfaceOrientationPortrait UIInterfaceOrientationPortraitUpsideDown UIInterfaceOrientationLandscapeLeft UIInterfaceOrientationLandscapeRight";
				INFOPLIST_KEY_UISupportedInterfaceOrientations_iPhone = "UIInterfaceOrientationPortrait UIInterfaceOrientationLandscapeLeft UIInterfaceOrientationLandscapeRight";
				LD_RUNPATH_SEARCH_PATHS = (
					"$(inherited)",
					"@executable_path/Frameworks",
				);
				MARKETING_VERSION = 1.0;
				PRODUCT_BUNDLE_IDENTIFIER = "com.example.-6--UITableViewController-MVC-UserDefaults";
				PRODUCT_NAME = "$(TARGET_NAME)";
				SWIFT_EMIT_LOC_STRINGS = YES;
				SWIFT_VERSION = 5.0;
				TARGETED_DEVICE_FAMILY = "1,2";
			};
			name = Release;
		};
/* End XCBuildConfiguration section */

/* Begin XCConfigurationList section */
		C1B1E0512C72516500C7E49A /* Build configuration list for PBXProject "26 _UITableViewController,MVC,UserDefaults" */ = {
			isa = XCConfigurationList;
			buildConfigurations = (
				C1B1E0682C72516700C7E49A /* Debug */,
				C1B1E0692C72516700C7E49A /* Release */,
			);
			defaultConfigurationIsVisible = 0;
			defaultConfigurationName = Release;
		};
		C1B1E06A2C72516700C7E49A /* Build configuration list for PBXNativeTarget "26 _UITableViewController,MVC,UserDefaults" */ = {
			isa = XCConfigurationList;
			buildConfigurations = (
				C1B1E06B2C72516700C7E49A /* Debug */,
				C1B1E06C2C72516700C7E49A /* Release */,
			);
			defaultConfigurationIsVisible = 0;
			defaultConfigurationName = Release;
		};
/* End XCConfigurationList section */
	};
	rootObject = C1B1E04E2C72516500C7E49A /* Project object */;
}
